
Microsoft Visual Studio Solution File, Format Version 12.00
# Visual Studio Version 17
VisualStudioVersion = 17.3.32929.385
MinimumVisualStudioVersion = 10.0.40219.1
Project("{9A19103F-16F7-4668-BE54-9A1E7A4F7556}") = "RS.Rangahau.Common.Participant", "RS.Rangahau.Common.Participant\RS.Rangahau.Common.Participant.csproj", "{42628304-1646-470E-83AF-520DF05ADB3C}"
EndProject
Project("{9A19103F-16F7-4668-BE54-9A1E7A4F7556}") = "RS.Rangahau.Participant.Tests", "RS.Rangahau.Participant.Tests\RS.Rangahau.Participant.Tests.csproj", "{6A7456CC-5A68-492A-ACAC-37A4E32E97CD}"
EndProject
Global
	GlobalSection(SolutionConfigurationPlatforms) = preSolution
		Debug|Any CPU = Debug|Any CPU
		Release|Any CPU = Release|Any CPU
	EndGlobalSection
	GlobalSection(ProjectConfigurationPlatforms) = postSolution
		{42628304-1646-470E-83AF-520DF05ADB3C}.Debug|Any CPU.ActiveCfg = Debug|Any CPU
		{42628304-1646-470E-83AF-520DF05ADB3C}.Debug|Any CPU.Build.0 = Debug|Any CPU
		{42628304-1646-470E-83AF-520DF05ADB3C}.Release|Any CPU.ActiveCfg = Release|Any CPU
		{42628304-1646-470E-83AF-520DF05ADB3C}.Release|Any CPU.Build.0 = Release|Any CPU
		{6A7456CC-5A68-492A-ACAC-37A4E32E97CD}.Debug|Any CPU.ActiveCfg = Debug|Any CPU
		{6A7456CC-5A68-492A-ACAC-37A4E32E97CD}.Debug|Any CPU.Build.0 = Debug|Any CPU
		{6A7456CC-5A68-492A-ACAC-37A4E32E97CD}.Release|Any CPU.ActiveCfg = Release|Any CPU
		{6A7456CC-5A68-492A-ACAC-37A4E32E97CD}.Release|Any CPU.Build.0 = Release|Any CPU
	EndGlobalSection
	GlobalSection(SolutionProperties) = preSolution
		HideSolutionNode = FALSE
	EndGlobalSection
	GlobalSection(ExtensibilityGlobals) = postSolution
		SolutionGuid = {BEEC23E6-EA13-4D03-8157-D802F75CA0E1}
	EndGlobalSection
EndGlobal
